
Microsoft Visual Studio Solution File, Format Version 12.00
# Visual Studio Version 17
VisualStudioVersion = 17.8.34408.163
MinimumVisualStudioVersion = 10.0.40219.1
Project("{FAE04EC0-301F-11D3-BF4B-00C04F79EFBC}") = "coin toss", "coin toss\coin toss.csproj", "{E247F67B-A9FE-412B-9779-86ABEF786AB3}"
EndProject
Global
	GlobalSection(SolutionConfigurationPlatforms) = preSolution
		Debug|Any CPU = Debug|Any CPU
		Release|Any CPU = Release|Any CPU
	EndGlobalSection
	GlobalSection(ProjectConfigurationPlatforms) = postSolution
		{E247F67B-A9FE-412B-9779-86ABEF786AB3}.Debug|Any CPU.ActiveCfg = Debug|Any CPU
		{E247F67B-A9FE-412B-9779-86ABEF786AB3}.Debug|Any CPU.Build.0 = Debug|Any CPU
		{E247F67B-A9FE-412B-9779-86ABEF786AB3}.Release|Any CPU.ActiveCfg = Release|Any CPU
		{E247F67B-A9FE-412B-9779-86ABEF786AB3}.Release|Any CPU.Build.0 = Release|Any CPU
	EndGlobalSection
	GlobalSection(SolutionProperties) = preSolution
		HideSolutionNode = FALSE
	EndGlobalSection
	GlobalSection(ExtensibilityGlobals) = postSolution
		SolutionGuid = {FC4420A9-84B7-4F05-B5B0-6755F0D524AC}
	EndGlobalSection
EndGlobal
